// !$*UTF8*$!
{
	archiveVersion = 1;
	classes = {
	};
	objectVersion = 50;
	objects = {

/* Begin PBXBuildFile section */
		9C3ABF49245B012000168CDD /* AppDelegate.swift in Sources */ = {isa = PBXBuildFile; fileRef = 9C3ABF48245B012000168CDD /* AppDelegate.swift */; };
		9C3ABF4B245B012000168CDD /* SceneDelegate.swift in Sources */ = {isa = PBXBuildFile; fileRef = 9C3ABF4A245B012000168CDD /* SceneDelegate.swift */; };
		9C3ABF4D245B012000168CDD /* ContentView.swift in Sources */ = {isa = PBXBuildFile; fileRef = 9C3ABF4C245B012000168CDD /* ContentView.swift */; };
		9C3ABF4F245B012500168CDD /* Assets.xcassets in Resources */ = {isa = PBXBuildFile; fileRef = 9C3ABF4E245B012500168CDD /* Assets.xcassets */; };
		9C3ABF52245B012500168CDD /* Preview Assets.xcassets in Resources */ = {isa = PBXBuildFile; fileRef = 9C3ABF51245B012500168CDD /* Preview Assets.xcassets */; };
		9C3ABF55245B012500168CDD /* LaunchScreen.storyboard in Resources */ = {isa = PBXBuildFile; fileRef = 9C3ABF53245B012500168CDD /* LaunchScreen.storyboard */; };
		9C3ABF60245B012600168CDD /* TromboneRoutinesTests.swift in Sources */ = {isa = PBXBuildFile; fileRef = 9C3ABF5F245B012600168CDD /* TromboneRoutinesTests.swift */; };
		9C3ABF6B245B012600168CDD /* TromboneRoutinesUITests.swift in Sources */ = {isa = PBXBuildFile; fileRef = 9C3ABF6A245B012600168CDD /* TromboneRoutinesUITests.swift */; };
		9C3ABF79245B51A700168CDD /* MainView.swift in Sources */ = {isa = PBXBuildFile; fileRef = 9C3ABF78245B51A700168CDD /* MainView.swift */; };
		9C3ABF7B245B52D800168CDD /* SettingsView.swift in Sources */ = {isa = PBXBuildFile; fileRef = 9C3ABF7A245B52D800168CDD /* SettingsView.swift */; };
		9C3ABF7D245B532600168CDD /* ListView.swift in Sources */ = {isa = PBXBuildFile; fileRef = 9C3ABF7C245B532600168CDD /* ListView.swift */; };
		9C3ABF81245B545700168CDD /* RoutineView.swift in Sources */ = {isa = PBXBuildFile; fileRef = 9C3ABF80245B545700168CDD /* RoutineView.swift */; };
		9C3ABF83245B642800168CDD /* Model.swift in Sources */ = {isa = PBXBuildFile; fileRef = 9C3ABF82245B642800168CDD /* Model.swift */; };
		9C3ABF85245B71BF00168CDD /* ExerciseDetailView.swift in Sources */ = {isa = PBXBuildFile; fileRef = 9C3ABF84245B71BF00168CDD /* ExerciseDetailView.swift */; };
		DD2EA02F25097FC800A36E13 /* CustomRoutineView.swift in Sources */ = {isa = PBXBuildFile; fileRef = DD2EA02E25097FC800A36E13 /* CustomRoutineView.swift */; };
		DD35D9E625088F3500082FAF /* InfoPlist.strings in Resources */ = {isa = PBXBuildFile; fileRef = DD35D9E825088F3500082FAF /* InfoPlist.strings */; };
		DD35D9EE25088FBE00082FAF /* HomeButton.swift in Sources */ = {isa = PBXBuildFile; fileRef = DD35D9ED25088FBE00082FAF /* HomeButton.swift */; };
		DD35D9F02508919700082FAF /* FavoritesView.swift in Sources */ = {isa = PBXBuildFile; fileRef = DD35D9EF2508919700082FAF /* FavoritesView.swift */; };
		DD35D9F22508921800082FAF /* CustomListView.swift in Sources */ = {isa = PBXBuildFile; fileRef = DD35D9F12508921800082FAF /* CustomListView.swift */; };
		DD35D9F62509631000082FAF /* CreateCustomView.swift in Sources */ = {isa = PBXBuildFile; fileRef = DD35D9F52509631000082FAF /* CreateCustomView.swift */; };
		DD88BCF824FC43450000B737 /* Localizable.strings in Resources */ = {isa = PBXBuildFile; fileRef = DD88BCFA24FC43450000B737 /* Localizable.strings */; };
		DDA7846B250E818B00EC0E3E /* CustomPreviewView.swift in Sources */ = {isa = PBXBuildFile; fileRef = DDA7846A250E818B00EC0E3E /* CustomPreviewView.swift */; };
		DDA7846D250E8A8000EC0E3E /* ExercisePickerView.swift in Sources */ = {isa = PBXBuildFile; fileRef = DDA7846C250E8A8000EC0E3E /* ExercisePickerView.swift */; };
/* End PBXBuildFile section */

/* Begin PBXContainerItemProxy section */
		9C3ABF5C245B012600168CDD /* PBXContainerItemProxy */ = {
			isa = PBXContainerItemProxy;
			containerPortal = 9C3ABF3D245B012000168CDD /* Project object */;
			proxyType = 1;
			remoteGlobalIDString = 9C3ABF44245B012000168CDD;
			remoteInfo = TromboneRoutines;
		};
		9C3ABF67245B012600168CDD /* PBXContainerItemProxy */ = {
			isa = PBXContainerItemProxy;
			containerPortal = 9C3ABF3D245B012000168CDD /* Project object */;
			proxyType = 1;
			remoteGlobalIDString = 9C3ABF44245B012000168CDD;
			remoteInfo = TromboneRoutines;
		};
/* End PBXContainerItemProxy section */

/* Begin PBXFileReference section */
		9C3ABF45245B012000168CDD /* Tbn Routines.app */ = {isa = PBXFileReference; explicitFileType = wrapper.application; includeInIndex = 0; path = "Tbn Routines.app"; sourceTree = BUILT_PRODUCTS_DIR; };
		9C3ABF48245B012000168CDD /* AppDelegate.swift */ = {isa = PBXFileReference; lastKnownFileType = sourcecode.swift; path = AppDelegate.swift; sourceTree = "<group>"; };
		9C3ABF4A245B012000168CDD /* SceneDelegate.swift */ = {isa = PBXFileReference; lastKnownFileType = sourcecode.swift; path = SceneDelegate.swift; sourceTree = "<group>"; };
		9C3ABF4C245B012000168CDD /* ContentView.swift */ = {isa = PBXFileReference; lastKnownFileType = sourcecode.swift; path = ContentView.swift; sourceTree = "<group>"; };
		9C3ABF4E245B012500168CDD /* Assets.xcassets */ = {isa = PBXFileReference; lastKnownFileType = folder.assetcatalog; path = Assets.xcassets; sourceTree = "<group>"; };
		9C3ABF51245B012500168CDD /* Preview Assets.xcassets */ = {isa = PBXFileReference; lastKnownFileType = folder.assetcatalog; path = "Preview Assets.xcassets"; sourceTree = "<group>"; };
		9C3ABF56245B012500168CDD /* Info.plist */ = {isa = PBXFileReference; lastKnownFileType = text.plist.xml; path = Info.plist; sourceTree = "<group>"; };
		9C3ABF5B245B012600168CDD /* TromboneRoutinesTests.xctest */ = {isa = PBXFileReference; explicitFileType = wrapper.cfbundle; includeInIndex = 0; path = TromboneRoutinesTests.xctest; sourceTree = BUILT_PRODUCTS_DIR; };
		9C3ABF5F245B012600168CDD /* TromboneRoutinesTests.swift */ = {isa = PBXFileReference; lastKnownFileType = sourcecode.swift; path = TromboneRoutinesTests.swift; sourceTree = "<group>"; };
		9C3ABF61245B012600168CDD /* Info.plist */ = {isa = PBXFileReference; lastKnownFileType = text.plist.xml; path = Info.plist; sourceTree = "<group>"; };
		9C3ABF66245B012600168CDD /* TromboneRoutinesUITests.xctest */ = {isa = PBXFileReference; explicitFileType = wrapper.cfbundle; includeInIndex = 0; path = TromboneRoutinesUITests.xctest; sourceTree = BUILT_PRODUCTS_DIR; };
		9C3ABF6A245B012600168CDD /* TromboneRoutinesUITests.swift */ = {isa = PBXFileReference; lastKnownFileType = sourcecode.swift; path = TromboneRoutinesUITests.swift; sourceTree = "<group>"; };
		9C3ABF6C245B012600168CDD /* Info.plist */ = {isa = PBXFileReference; lastKnownFileType = text.plist.xml; path = Info.plist; sourceTree = "<group>"; };
		9C3ABF78245B51A700168CDD /* MainView.swift */ = {isa = PBXFileReference; lastKnownFileType = sourcecode.swift; path = MainView.swift; sourceTree = "<group>"; };
		9C3ABF7A245B52D800168CDD /* SettingsView.swift */ = {isa = PBXFileReference; lastKnownFileType = sourcecode.swift; path = SettingsView.swift; sourceTree = "<group>"; };
		9C3ABF7C245B532600168CDD /* ListView.swift */ = {isa = PBXFileReference; lastKnownFileType = sourcecode.swift; path = ListView.swift; sourceTree = "<group>"; };
		9C3ABF80245B545700168CDD /* RoutineView.swift */ = {isa = PBXFileReference; lastKnownFileType = sourcecode.swift; path = RoutineView.swift; sourceTree = "<group>"; };
		9C3ABF82245B642800168CDD /* Model.swift */ = {isa = PBXFileReference; lastKnownFileType = sourcecode.swift; path = Model.swift; sourceTree = "<group>"; };
		9C3ABF84245B71BF00168CDD /* ExerciseDetailView.swift */ = {isa = PBXFileReference; lastKnownFileType = sourcecode.swift; path = ExerciseDetailView.swift; sourceTree = "<group>"; };
		DD123421255B506200A33629 /* pt-BR */ = {isa = PBXFileReference; lastKnownFileType = text.plist.strings; name = "pt-BR"; path = "pt-BR.lproj/Localizable.strings"; sourceTree = "<group>"; };
		DD123422255B506200A33629 /* pt-BR */ = {isa = PBXFileReference; lastKnownFileType = text.plist.strings; name = "pt-BR"; path = "pt-BR.lproj/InfoPlist.strings"; sourceTree = "<group>"; };
		DD2EA02E25097FC800A36E13 /* CustomRoutineView.swift */ = {isa = PBXFileReference; lastKnownFileType = sourcecode.swift; path = CustomRoutineView.swift; sourceTree = "<group>"; };
		DD35D9E725088F3500082FAF /* en */ = {isa = PBXFileReference; lastKnownFileType = text.plist.strings; name = en; path = en.lproj/InfoPlist.strings; sourceTree = "<group>"; };
		DD35D9E925088F3800082FAF /* zh-Hans */ = {isa = PBXFileReference; lastKnownFileType = text.plist.strings; name = "zh-Hans"; path = "zh-Hans.lproj/InfoPlist.strings"; sourceTree = "<group>"; };
		DD35D9EA25088F3900082FAF /* fr */ = {isa = PBXFileReference; lastKnownFileType = text.plist.strings; name = fr; path = fr.lproj/InfoPlist.strings; sourceTree = "<group>"; };
		DD35D9EB25088F3B00082FAF /* es-419 */ = {isa = PBXFileReference; lastKnownFileType = text.plist.strings; name = "es-419"; path = "es-419.lproj/InfoPlist.strings"; sourceTree = "<group>"; };
		DD35D9ED25088FBE00082FAF /* HomeButton.swift */ = {isa = PBXFileReference; lastKnownFileType = sourcecode.swift; path = HomeButton.swift; sourceTree = "<group>"; };
		DD35D9EF2508919700082FAF /* FavoritesView.swift */ = {isa = PBXFileReference; lastKnownFileType = sourcecode.swift; path = FavoritesView.swift; sourceTree = "<group>"; };
		DD35D9F12508921800082FAF /* CustomListView.swift */ = {isa = PBXFileReference; lastKnownFileType = sourcecode.swift; path = CustomListView.swift; sourceTree = "<group>"; };
		DD35D9F52509631000082FAF /* CreateCustomView.swift */ = {isa = PBXFileReference; lastKnownFileType = sourcecode.swift; path = CreateCustomView.swift; sourceTree = "<group>"; };
		DD75A6B2255B03CB001ABEA0 /* ko */ = {isa = PBXFileReference; lastKnownFileType = text.plist.strings; name = ko; path = ko.lproj/Localizable.strings; sourceTree = "<group>"; };
		DD75A6B3255B03CB001ABEA0 /* ko */ = {isa = PBXFileReference; lastKnownFileType = text.plist.strings; name = ko; path = ko.lproj/InfoPlist.strings; sourceTree = "<group>"; };
		DD75A6B7255B1036001ABEA0 /* de */ = {isa = PBXFileReference; lastKnownFileType = text.plist.strings; name = de; path = de.lproj/Localizable.strings; sourceTree = "<group>"; };
		DD75A6B8255B1036001ABEA0 /* de */ = {isa = PBXFileReference; lastKnownFileType = text.plist.strings; name = de; path = de.lproj/InfoPlist.strings; sourceTree = "<group>"; };
		DD88BCF724FC42D80000B737 /* Base */ = {isa = PBXFileReference; lastKnownFileType = file.storyboard; name = Base; path = Base.lproj/LaunchScreen.storyboard; sourceTree = "<group>"; };
		DD88BCF924FC43450000B737 /* en */ = {isa = PBXFileReference; lastKnownFileType = text.plist.strings; name = en; path = en.lproj/Localizable.strings; sourceTree = "<group>"; };
		DD88BCFB24FC43590000B737 /* es-419 */ = {isa = PBXFileReference; lastKnownFileType = text.plist.strings; name = "es-419"; path = "es-419.lproj/Localizable.strings"; sourceTree = "<group>"; };
		DD88BCFC24FC436C0000B737 /* fr */ = {isa = PBXFileReference; lastKnownFileType = text.plist.strings; name = fr; path = fr.lproj/Localizable.strings; sourceTree = "<group>"; };
		DD88BD0124FD0E130000B737 /* zh-Hans */ = {isa = PBXFileReference; lastKnownFileType = text.plist.strings; name = "zh-Hans"; path = "zh-Hans.lproj/Localizable.strings"; sourceTree = "<group>"; };
		DDA7846A250E818B00EC0E3E /* CustomPreviewView.swift */ = {isa = PBXFileReference; lastKnownFileType = sourcecode.swift; path = CustomPreviewView.swift; sourceTree = "<group>"; };
		DDA7846C250E8A8000EC0E3E /* ExercisePickerView.swift */ = {isa = PBXFileReference; lastKnownFileType = sourcecode.swift; path = ExercisePickerView.swift; sourceTree = "<group>"; };
		DDACEE14255A39A10045125D /* ja */ = {isa = PBXFileReference; lastKnownFileType = text.plist.strings; name = ja; path = ja.lproj/Localizable.strings; sourceTree = "<group>"; };
		DDACEE16255A39A20045125D /* ja */ = {isa = PBXFileReference; lastKnownFileType = text.plist.strings; name = ja; path = ja.lproj/InfoPlist.strings; sourceTree = "<group>"; };
/* End PBXFileReference section */

/* Begin PBXFrameworksBuildPhase section */
		9C3ABF42245B012000168CDD /* Frameworks */ = {
			isa = PBXFrameworksBuildPhase;
			buildActionMask = 2147483647;
			files = (
			);
			runOnlyForDeploymentPostprocessing = 0;
		};
		9C3ABF58245B012600168CDD /* Frameworks */ = {
			isa = PBXFrameworksBuildPhase;
			buildActionMask = 2147483647;
			files = (
			);
			runOnlyForDeploymentPostprocessing = 0;
		};
		9C3ABF63245B012600168CDD /* Frameworks */ = {
			isa = PBXFrameworksBuildPhase;
			buildActionMask = 2147483647;
			files = (
			);
			runOnlyForDeploymentPostprocessing = 0;
		};
/* End PBXFrameworksBuildPhase section */

/* Begin PBXGroup section */
		9C3ABF3C245B012000168CDD = {
			isa = PBXGroup;
			children = (
				DD88BCFA24FC43450000B737 /* Localizable.strings */,
				9C3ABF47245B012000168CDD /* TromboneRoutines */,
				9C3ABF5E245B012600168CDD /* TromboneRoutinesTests */,
				9C3ABF69245B012600168CDD /* TromboneRoutinesUITests */,
				9C3ABF46245B012000168CDD /* Products */,
			);
			sourceTree = "<group>";
		};
		9C3ABF46245B012000168CDD /* Products */ = {
			isa = PBXGroup;
			children = (
				9C3ABF45245B012000168CDD /* Tbn Routines.app */,
				9C3ABF5B245B012600168CDD /* TromboneRoutinesTests.xctest */,
				9C3ABF66245B012600168CDD /* TromboneRoutinesUITests.xctest */,
			);
			name = Products;
			sourceTree = "<group>";
		};
		9C3ABF47245B012000168CDD /* TromboneRoutines */ = {
			isa = PBXGroup;
			children = (
				9C3ABF4C245B012000168CDD /* ContentView.swift */,
				9C3ABF78245B51A700168CDD /* MainView.swift */,
				9C3ABF80245B545700168CDD /* RoutineView.swift */,
				DD35D9EF2508919700082FAF /* FavoritesView.swift */,
				DD35D9F32508923200082FAF /* List View */,
				DD35D9F42508926E00082FAF /* Custom View */,
				9C3ABF7A245B52D800168CDD /* SettingsView.swift */,
				DD35D9EC25088FAB00082FAF /* Constructions */,
				9C3ABF82245B642800168CDD /* Model.swift */,
				9C3ABF4E245B012500168CDD /* Assets.xcassets */,
				9C3ABF53245B012500168CDD /* LaunchScreen.storyboard */,
				9C3ABF56245B012500168CDD /* Info.plist */,
				DD35D9E825088F3500082FAF /* InfoPlist.strings */,
				9C3ABF50245B012500168CDD /* Preview Content */,
				9C3ABF4A245B012000168CDD /* SceneDelegate.swift */,
				9C3ABF48245B012000168CDD /* AppDelegate.swift */,
			);
			path = TromboneRoutines;
			sourceTree = "<group>";
		};
		9C3ABF50245B012500168CDD /* Preview Content */ = {
			isa = PBXGroup;
			children = (
				9C3ABF51245B012500168CDD /* Preview Assets.xcassets */,
			);
			path = "Preview Content";
			sourceTree = "<group>";
		};
		9C3ABF5E245B012600168CDD /* TromboneRoutinesTests */ = {
			isa = PBXGroup;
			children = (
				9C3ABF5F245B012600168CDD /* TromboneRoutinesTests.swift */,
				9C3ABF61245B012600168CDD /* Info.plist */,
			);
			path = TromboneRoutinesTests;
			sourceTree = "<group>";
		};
		9C3ABF69245B012600168CDD /* TromboneRoutinesUITests */ = {
			isa = PBXGroup;
			children = (
				9C3ABF6A245B012600168CDD /* TromboneRoutinesUITests.swift */,
				9C3ABF6C245B012600168CDD /* Info.plist */,
			);
			path = TromboneRoutinesUITests;
			sourceTree = "<group>";
		};
		DD35D9EC25088FAB00082FAF /* Constructions */ = {
			isa = PBXGroup;
			children = (
				DDA7846C250E8A8000EC0E3E /* ExercisePickerView.swift */,
				DD35D9ED25088FBE00082FAF /* HomeButton.swift */,
			);
			path = Constructions;
			sourceTree = "<group>";
		};
		DD35D9F32508923200082FAF /* List View */ = {
			isa = PBXGroup;
			children = (
				9C3ABF7C245B532600168CDD /* ListView.swift */,
				9C3ABF84245B71BF00168CDD /* ExerciseDetailView.swift */,
			);
			path = "List View";
			sourceTree = "<group>";
		};
		DD35D9F42508926E00082FAF /* Custom View */ = {
			isa = PBXGroup;
			children = (
				DD35D9F12508921800082FAF /* CustomListView.swift */,
				DD2EA02E25097FC800A36E13 /* CustomRoutineView.swift */,
				DD35D9F52509631000082FAF /* CreateCustomView.swift */,
				DDA7846A250E818B00EC0E3E /* CustomPreviewView.swift */,
			);
			path = "Custom View";
			sourceTree = "<group>";
		};
/* End PBXGroup section */

/* Begin PBXNativeTarget section */
		9C3ABF44245B012000168CDD /* TromboneRoutines */ = {
			isa = PBXNativeTarget;
			buildConfigurationList = 9C3ABF6F245B012600168CDD /* Build configuration list for PBXNativeTarget "TromboneRoutines" */;
			buildPhases = (
				9C3ABF41245B012000168CDD /* Sources */,
				9C3ABF42245B012000168CDD /* Frameworks */,
				9C3ABF43245B012000168CDD /* Resources */,
			);
			buildRules = (
			);
			dependencies = (
			);
			name = TromboneRoutines;
			productName = TromboneRoutines;
			productReference = 9C3ABF45245B012000168CDD /* Tbn Routines.app */;
			productType = "com.apple.product-type.application";
		};
		9C3ABF5A245B012600168CDD /* TromboneRoutinesTests */ = {
			isa = PBXNativeTarget;
			buildConfigurationList = 9C3ABF72245B012600168CDD /* Build configuration list for PBXNativeTarget "TromboneRoutinesTests" */;
			buildPhases = (
				9C3ABF57245B012600168CDD /* Sources */,
				9C3ABF58245B012600168CDD /* Frameworks */,
				9C3ABF59245B012600168CDD /* Resources */,
			);
			buildRules = (
			);
			dependencies = (
				9C3ABF5D245B012600168CDD /* PBXTargetDependency */,
			);
			name = TromboneRoutinesTests;
			productName = TromboneRoutinesTests;
			productReference = 9C3ABF5B245B012600168CDD /* TromboneRoutinesTests.xctest */;
			productType = "com.apple.product-type.bundle.unit-test";
		};
		9C3ABF65245B012600168CDD /* TromboneRoutinesUITests */ = {
			isa = PBXNativeTarget;
			buildConfigurationList = 9C3ABF75245B012600168CDD /* Build configuration list for PBXNativeTarget "TromboneRoutinesUITests" */;
			buildPhases = (
				9C3ABF62245B012600168CDD /* Sources */,
				9C3ABF63245B012600168CDD /* Frameworks */,
				9C3ABF64245B012600168CDD /* Resources */,
			);
			buildRules = (
			);
			dependencies = (
				9C3ABF68245B012600168CDD /* PBXTargetDependency */,
			);
			name = TromboneRoutinesUITests;
			productName = TromboneRoutinesUITests;
			productReference = 9C3ABF66245B012600168CDD /* TromboneRoutinesUITests.xctest */;
			productType = "com.apple.product-type.bundle.ui-testing";
		};
/* End PBXNativeTarget section */

/* Begin PBXProject section */
		9C3ABF3D245B012000168CDD /* Project object */ = {
			isa = PBXProject;
			attributes = {
				LastSwiftUpdateCheck = 1140;
				LastUpgradeCheck = 1200;
				ORGANIZATIONNAME = "Alex Burdiss";
				TargetAttributes = {
					9C3ABF44245B012000168CDD = {
						CreatedOnToolsVersion = 11.4.1;
					};
					9C3ABF5A245B012600168CDD = {
						CreatedOnToolsVersion = 11.4.1;
						TestTargetID = 9C3ABF44245B012000168CDD;
					};
					9C3ABF65245B012600168CDD = {
						CreatedOnToolsVersion = 11.4.1;
						TestTargetID = 9C3ABF44245B012000168CDD;
					};
				};
			};
			buildConfigurationList = 9C3ABF40245B012000168CDD /* Build configuration list for PBXProject "TromboneRoutines" */;
			compatibilityVersion = "Xcode 9.3";
			developmentRegion = en;
			hasScannedForEncodings = 0;
			knownRegions = (
				en,
				Base,
				"es-419",
				fr,
				"zh-Hans",
				ja,
				ko,
				de,
				"pt-BR",
			);
			mainGroup = 9C3ABF3C245B012000168CDD;
			productRefGroup = 9C3ABF46245B012000168CDD /* Products */;
			projectDirPath = "";
			projectRoot = "";
			targets = (
				9C3ABF44245B012000168CDD /* TromboneRoutines */,
				9C3ABF5A245B012600168CDD /* TromboneRoutinesTests */,
				9C3ABF65245B012600168CDD /* TromboneRoutinesUITests */,
			);
		};
/* End PBXProject section */

/* Begin PBXResourcesBuildPhase section */
		9C3ABF43245B012000168CDD /* Resources */ = {
			isa = PBXResourcesBuildPhase;
			buildActionMask = 2147483647;
			files = (
				9C3ABF55245B012500168CDD /* LaunchScreen.storyboard in Resources */,
				DD88BCF824FC43450000B737 /* Localizable.strings in Resources */,
				9C3ABF52245B012500168CDD /* Preview Assets.xcassets in Resources */,
				9C3ABF4F245B012500168CDD /* Assets.xcassets in Resources */,
				DD35D9E625088F3500082FAF /* InfoPlist.strings in Resources */,
			);
			runOnlyForDeploymentPostprocessing = 0;
		};
		9C3ABF59245B012600168CDD /* Resources */ = {
			isa = PBXResourcesBuildPhase;
			buildActionMask = 2147483647;
			files = (
			);
			runOnlyForDeploymentPostprocessing = 0;
		};
		9C3ABF64245B012600168CDD /* Resources */ = {
			isa = PBXResourcesBuildPhase;
			buildActionMask = 2147483647;
			files = (
			);
			runOnlyForDeploymentPostprocessing = 0;
		};
/* End PBXResourcesBuildPhase section */

/* Begin PBXSourcesBuildPhase section */
		9C3ABF41245B012000168CDD /* Sources */ = {
			isa = PBXSourcesBuildPhase;
			buildActionMask = 2147483647;
			files = (
				DD35D9F02508919700082FAF /* FavoritesView.swift in Sources */,
				9C3ABF7B245B52D800168CDD /* SettingsView.swift in Sources */,
				9C3ABF85245B71BF00168CDD /* ExerciseDetailView.swift in Sources */,
				DD2EA02F25097FC800A36E13 /* CustomRoutineView.swift in Sources */,
				DDA7846D250E8A8000EC0E3E /* ExercisePickerView.swift in Sources */,
				9C3ABF49245B012000168CDD /* AppDelegate.swift in Sources */,
				9C3ABF7D245B532600168CDD /* ListView.swift in Sources */,
				9C3ABF79245B51A700168CDD /* MainView.swift in Sources */,
				9C3ABF81245B545700168CDD /* RoutineView.swift in Sources */,
				DD35D9F62509631000082FAF /* CreateCustomView.swift in Sources */,
				9C3ABF4B245B012000168CDD /* SceneDelegate.swift in Sources */,
				9C3ABF4D245B012000168CDD /* ContentView.swift in Sources */,
				DDA7846B250E818B00EC0E3E /* CustomPreviewView.swift in Sources */,
				DD35D9F22508921800082FAF /* CustomListView.swift in Sources */,
				DD35D9EE25088FBE00082FAF /* HomeButton.swift in Sources */,
				9C3ABF83245B642800168CDD /* Model.swift in Sources */,
			);
			runOnlyForDeploymentPostprocessing = 0;
		};
		9C3ABF57245B012600168CDD /* Sources */ = {
			isa = PBXSourcesBuildPhase;
			buildActionMask = 2147483647;
			files = (
				9C3ABF60245B012600168CDD /* TromboneRoutinesTests.swift in Sources */,
			);
			runOnlyForDeploymentPostprocessing = 0;
		};
		9C3ABF62245B012600168CDD /* Sources */ = {
			isa = PBXSourcesBuildPhase;
			buildActionMask = 2147483647;
			files = (
				9C3ABF6B245B012600168CDD /* TromboneRoutinesUITests.swift in Sources */,
			);
			runOnlyForDeploymentPostprocessing = 0;
		};
/* End PBXSourcesBuildPhase section */

/* Begin PBXTargetDependency section */
		9C3ABF5D245B012600168CDD /* PBXTargetDependency */ = {
			isa = PBXTargetDependency;
			target = 9C3ABF44245B012000168CDD /* TromboneRoutines */;
			targetProxy = 9C3ABF5C245B012600168CDD /* PBXContainerItemProxy */;
		};
		9C3ABF68245B012600168CDD /* PBXTargetDependency */ = {
			isa = PBXTargetDependency;
			target = 9C3ABF44245B012000168CDD /* TromboneRoutines */;
			targetProxy = 9C3ABF67245B012600168CDD /* PBXContainerItemProxy */;
		};
/* End PBXTargetDependency section */

/* Begin PBXVariantGroup section */
		9C3ABF53245B012500168CDD /* LaunchScreen.storyboard */ = {
			isa = PBXVariantGroup;
			children = (
				DD88BCF724FC42D80000B737 /* Base */,
			);
			name = LaunchScreen.storyboard;
			sourceTree = "<group>";
		};
		DD35D9E825088F3500082FAF /* InfoPlist.strings */ = {
			isa = PBXVariantGroup;
			children = (
				DD35D9E725088F3500082FAF /* en */,
				DD35D9E925088F3800082FAF /* zh-Hans */,
				DD35D9EA25088F3900082FAF /* fr */,
				DD35D9EB25088F3B00082FAF /* es-419 */,
				DDACEE16255A39A20045125D /* ja */,
				DD75A6B3255B03CB001ABEA0 /* ko */,
				DD75A6B8255B1036001ABEA0 /* de */,
				DD123422255B506200A33629 /* pt-BR */,
			);
			name = InfoPlist.strings;
			sourceTree = "<group>";
		};
		DD88BCFA24FC43450000B737 /* Localizable.strings */ = {
			isa = PBXVariantGroup;
			children = (
				DD88BCF924FC43450000B737 /* en */,
				DD88BCFB24FC43590000B737 /* es-419 */,
				DD88BCFC24FC436C0000B737 /* fr */,
				DD88BD0124FD0E130000B737 /* zh-Hans */,
				DDACEE14255A39A10045125D /* ja */,
				DD75A6B2255B03CB001ABEA0 /* ko */,
				DD75A6B7255B1036001ABEA0 /* de */,
				DD123421255B506200A33629 /* pt-BR */,
			);
			name = Localizable.strings;
			sourceTree = "<group>";
		};
/* End PBXVariantGroup section */

/* Begin XCBuildConfiguration section */
		9C3ABF6D245B012600168CDD /* Debug */ = {
			isa = XCBuildConfiguration;
			buildSettings = {
				ALWAYS_SEARCH_USER_PATHS = NO;
				CLANG_ANALYZER_LOCALIZABILITY_NONLOCALIZED = YES;
				CLANG_ANALYZER_NONNULL = YES;
				CLANG_ANALYZER_NUMBER_OBJECT_CONVERSION = YES_AGGRESSIVE;
				CLANG_CXX_LANGUAGE_STANDARD = "gnu++14";
				CLANG_CXX_LIBRARY = "libc++";
				CLANG_ENABLE_MODULES = YES;
				CLANG_ENABLE_OBJC_ARC = YES;
				CLANG_ENABLE_OBJC_WEAK = YES;
				CLANG_WARN_BLOCK_CAPTURE_AUTORELEASING = YES;
				CLANG_WARN_BOOL_CONVERSION = YES;
				CLANG_WARN_COMMA = YES;
				CLANG_WARN_CONSTANT_CONVERSION = YES;
				CLANG_WARN_DEPRECATED_OBJC_IMPLEMENTATIONS = YES;
				CLANG_WARN_DIRECT_OBJC_ISA_USAGE = YES_ERROR;
				CLANG_WARN_DOCUMENTATION_COMMENTS = YES;
				CLANG_WARN_EMPTY_BODY = YES;
				CLANG_WARN_ENUM_CONVERSION = YES;
				CLANG_WARN_INFINITE_RECURSION = YES;
				CLANG_WARN_INT_CONVERSION = YES;
				CLANG_WARN_NON_LITERAL_NULL_CONVERSION = YES;
				CLANG_WARN_OBJC_IMPLICIT_RETAIN_SELF = YES;
				CLANG_WARN_OBJC_LITERAL_CONVERSION = YES;
				CLANG_WARN_OBJC_ROOT_CLASS = YES_ERROR;
				CLANG_WARN_QUOTED_INCLUDE_IN_FRAMEWORK_HEADER = YES;
				CLANG_WARN_RANGE_LOOP_ANALYSIS = YES;
				CLANG_WARN_STRICT_PROTOTYPES = YES;
				CLANG_WARN_SUSPICIOUS_MOVE = YES;
				CLANG_WARN_UNGUARDED_AVAILABILITY = YES_AGGRESSIVE;
				CLANG_WARN_UNREACHABLE_CODE = YES;
				CLANG_WARN__DUPLICATE_METHOD_MATCH = YES;
				COPY_PHASE_STRIP = NO;
				DEBUG_INFORMATION_FORMAT = dwarf;
				ENABLE_STRICT_OBJC_MSGSEND = YES;
				ENABLE_TESTABILITY = YES;
				GCC_C_LANGUAGE_STANDARD = gnu11;
				GCC_DYNAMIC_NO_PIC = NO;
				GCC_NO_COMMON_BLOCKS = YES;
				GCC_OPTIMIZATION_LEVEL = 0;
				GCC_PREPROCESSOR_DEFINITIONS = (
					"DEBUG=1",
					"$(inherited)",
				);
				GCC_WARN_64_TO_32_BIT_CONVERSION = YES;
				GCC_WARN_ABOUT_RETURN_TYPE = YES_ERROR;
				GCC_WARN_UNDECLARED_SELECTOR = YES;
				GCC_WARN_UNINITIALIZED_AUTOS = YES_AGGRESSIVE;
				GCC_WARN_UNUSED_FUNCTION = YES;
				GCC_WARN_UNUSED_VARIABLE = YES;
				IPHONEOS_DEPLOYMENT_TARGET = 14.0;
				MTL_ENABLE_DEBUG_INFO = INCLUDE_SOURCE;
				MTL_FAST_MATH = YES;
				ONLY_ACTIVE_ARCH = YES;
				PRODUCT_NAME = "Tbn Routines";
				SDKROOT = iphoneos;
				SWIFT_ACTIVE_COMPILATION_CONDITIONS = DEBUG;
				SWIFT_OPTIMIZATION_LEVEL = "-Onone";
			};
			name = Debug;
		};
		9C3ABF6E245B012600168CDD /* Release */ = {
			isa = XCBuildConfiguration;
			buildSettings = {
				ALWAYS_SEARCH_USER_PATHS = NO;
				CLANG_ANALYZER_LOCALIZABILITY_NONLOCALIZED = YES;
				CLANG_ANALYZER_NONNULL = YES;
				CLANG_ANALYZER_NUMBER_OBJECT_CONVERSION = YES_AGGRESSIVE;
				CLANG_CXX_LANGUAGE_STANDARD = "gnu++14";
				CLANG_CXX_LIBRARY = "libc++";
				CLANG_ENABLE_MODULES = YES;
				CLANG_ENABLE_OBJC_ARC = YES;
				CLANG_ENABLE_OBJC_WEAK = YES;
				CLANG_WARN_BLOCK_CAPTURE_AUTORELEASING = YES;
				CLANG_WARN_BOOL_CONVERSION = YES;
				CLANG_WARN_COMMA = YES;
				CLANG_WARN_CONSTANT_CONVERSION = YES;
				CLANG_WARN_DEPRECATED_OBJC_IMPLEMENTATIONS = YES;
				CLANG_WARN_DIRECT_OBJC_ISA_USAGE = YES_ERROR;
				CLANG_WARN_DOCUMENTATION_COMMENTS = YES;
				CLANG_WARN_EMPTY_BODY = YES;
				CLANG_WARN_ENUM_CONVERSION = YES;
				CLANG_WARN_INFINITE_RECURSION = YES;
				CLANG_WARN_INT_CONVERSION = YES;
				CLANG_WARN_NON_LITERAL_NULL_CONVERSION = YES;
				CLANG_WARN_OBJC_IMPLICIT_RETAIN_SELF = YES;
				CLANG_WARN_OBJC_LITERAL_CONVERSION = YES;
				CLANG_WARN_OBJC_ROOT_CLASS = YES_ERROR;
				CLANG_WARN_QUOTED_INCLUDE_IN_FRAMEWORK_HEADER = YES;
				CLANG_WARN_RANGE_LOOP_ANALYSIS = YES;
				CLANG_WARN_STRICT_PROTOTYPES = YES;
				CLANG_WARN_SUSPICIOUS_MOVE = YES;
				CLANG_WARN_UNGUARDED_AVAILABILITY = YES_AGGRESSIVE;
				CLANG_WARN_UNREACHABLE_CODE = YES;
				CLANG_WARN__DUPLICATE_METHOD_MATCH = YES;
				COPY_PHASE_STRIP = NO;
				DEBUG_INFORMATION_FORMAT = "dwarf-with-dsym";
				ENABLE_NS_ASSERTIONS = NO;
				ENABLE_STRICT_OBJC_MSGSEND = YES;
				GCC_C_LANGUAGE_STANDARD = gnu11;
				GCC_NO_COMMON_BLOCKS = YES;
				GCC_WARN_64_TO_32_BIT_CONVERSION = YES;
				GCC_WARN_ABOUT_RETURN_TYPE = YES_ERROR;
				GCC_WARN_UNDECLARED_SELECTOR = YES;
				GCC_WARN_UNINITIALIZED_AUTOS = YES_AGGRESSIVE;
				GCC_WARN_UNUSED_FUNCTION = YES;
				GCC_WARN_UNUSED_VARIABLE = YES;
				IPHONEOS_DEPLOYMENT_TARGET = 14.0;
				MTL_ENABLE_DEBUG_INFO = NO;
				MTL_FAST_MATH = YES;
				PRODUCT_NAME = "Tbn Routines";
				SDKROOT = iphoneos;
				SWIFT_COMPILATION_MODE = wholemodule;
				SWIFT_OPTIMIZATION_LEVEL = "-O";
				VALIDATE_PRODUCT = YES;
			};
			name = Release;
		};
		9C3ABF70245B012600168CDD /* Debug */ = {
			isa = XCBuildConfiguration;
			buildSettings = {
				ASSETCATALOG_COMPILER_APPICON_NAME = AppIcon;
				CODE_SIGN_STYLE = Automatic;
				CURRENT_PROJECT_VERSION = 2.2.0;
				DEVELOPMENT_ASSET_PATHS = "\"TromboneRoutines/Preview Content\"";
				DEVELOPMENT_TEAM = L4SN53B3F6;
				ENABLE_PREVIEWS = YES;
				INFOPLIST_FILE = TromboneRoutines/Info.plist;
				LD_RUNPATH_SEARCH_PATHS = (
					"$(inherited)",
					"@executable_path/Frameworks",
				);
				MARKETING_VERSION = 2.2.0;
				PRODUCT_BUNDLE_IDENTIFIER = com.AlexanderBurdiss.TromboneRoutines;
				PRODUCT_NAME = "Tbn Routines";
				SWIFT_VERSION = 5.0;
				TARGETED_DEVICE_FAMILY = "1,2";
			};
			name = Debug;
		};
		9C3ABF71245B012600168CDD /* Release */ = {
			isa = XCBuildConfiguration;
			buildSettings = {
				ASSETCATALOG_COMPILER_APPICON_NAME = AppIcon;
				CODE_SIGN_STYLE = Automatic;
				CURRENT_PROJECT_VERSION = 2.2.0;
				DEVELOPMENT_ASSET_PATHS = "\"TromboneRoutines/Preview Content\"";
				DEVELOPMENT_TEAM = L4SN53B3F6;
				ENABLE_PREVIEWS = YES;
				INFOPLIST_FILE = TromboneRoutines/Info.plist;
				LD_RUNPATH_SEARCH_PATHS = (
					"$(inherited)",
					"@executable_path/Frameworks",
				);
				MARKETING_VERSION = 2.2.0;
				PRODUCT_BUNDLE_IDENTIFIER = com.AlexanderBurdiss.TromboneRoutines;
				PRODUCT_NAME = "Tbn Routines";
				SWIFT_VERSION = 5.0;
				TARGETED_DEVICE_FAMILY = "1,2";
			};
			name = Release;
		};
		9C3ABF73245B012600168CDD /* Debug */ = {
			isa = XCBuildConfiguration;
			buildSettings = {
				ALWAYS_EMBED_SWIFT_STANDARD_LIBRARIES = YES;
				BUNDLE_LOADER = "$(TEST_HOST)";
				CODE_SIGN_STYLE = Automatic;
				DEVELOPMENT_TEAM = L4SN53B3F6;
				INFOPLIST_FILE = TromboneRoutinesTests/Info.plist;
				IPHONEOS_DEPLOYMENT_TARGET = 13.4;
				LD_RUNPATH_SEARCH_PATHS = (
					"$(inherited)",
					"@executable_path/Frameworks",
					"@loader_path/Frameworks",
				);
				PRODUCT_BUNDLE_IDENTIFIER = com.AlexanderBurdiss.TromboneRoutinesTests;
				PRODUCT_NAME = "$(TARGET_NAME)";
				SWIFT_VERSION = 5.0;
				TARGETED_DEVICE_FAMILY = "1,2";
				TEST_HOST = "$(BUILT_PRODUCTS_DIR)/TromboneRoutines.app/TromboneRoutines";
			};
			name = Debug;
		};
		9C3ABF74245B012600168CDD /* Release */ = {
			isa = XCBuildConfiguration;
			buildSettings = {
				ALWAYS_EMBED_SWIFT_STANDARD_LIBRARIES = YES;
				BUNDLE_LOADER = "$(TEST_HOST)";
				CODE_SIGN_STYLE = Automatic;
				DEVELOPMENT_TEAM = L4SN53B3F6;
				INFOPLIST_FILE = TromboneRoutinesTests/Info.plist;
				IPHONEOS_DEPLOYMENT_TARGET = 13.4;
				LD_RUNPATH_SEARCH_PATHS = (
					"$(inherited)",
					"@executable_path/Frameworks",
					"@loader_path/Frameworks",
				);
				PRODUCT_BUNDLE_IDENTIFIER = com.AlexanderBurdiss.TromboneRoutinesTests;
				PRODUCT_NAME = "$(TARGET_NAME)";
				SWIFT_VERSION = 5.0;
				TARGETED_DEVICE_FAMILY = "1,2";
				TEST_HOST = "$(BUILT_PRODUCTS_DIR)/TromboneRoutines.app/TromboneRoutines";
			};
			name = Release;
		};
		9C3ABF76245B012600168CDD /* Debug */ = {
			isa = XCBuildConfiguration;
			buildSettings = {
				ALWAYS_EMBED_SWIFT_STANDARD_LIBRARIES = YES;
				CODE_SIGN_STYLE = Automatic;
				DEVELOPMENT_TEAM = L4SN53B3F6;
				INFOPLIST_FILE = TromboneRoutinesUITests/Info.plist;
				LD_RUNPATH_SEARCH_PATHS = (
					"$(inherited)",
					"@executable_path/Frameworks",
					"@loader_path/Frameworks",
				);
				PRODUCT_BUNDLE_IDENTIFIER = com.AlexanderBurdiss.TromboneRoutinesUITests;
				PRODUCT_NAME = "$(TARGET_NAME)";
				SWIFT_VERSION = 5.0;
				TARGETED_DEVICE_FAMILY = "1,2";
				TEST_TARGET_NAME = TromboneRoutines;
			};
			name = Debug;
		};
		9C3ABF77245B012600168CDD /* Release */ = {
			isa = XCBuildConfiguration;
			buildSettings = {
				ALWAYS_EMBED_SWIFT_STANDARD_LIBRARIES = YES;
				CODE_SIGN_STYLE = Automatic;
				DEVELOPMENT_TEAM = L4SN53B3F6;
				INFOPLIST_FILE = TromboneRoutinesUITests/Info.plist;
				LD_RUNPATH_SEARCH_PATHS = (
					"$(inherited)",
					"@executable_path/Frameworks",
					"@loader_path/Frameworks",
				);
				PRODUCT_BUNDLE_IDENTIFIER = com.AlexanderBurdiss.TromboneRoutinesUITests;
				PRODUCT_NAME = "$(TARGET_NAME)";
				SWIFT_VERSION = 5.0;
				TARGETED_DEVICE_FAMILY = "1,2";
				TEST_TARGET_NAME = TromboneRoutines;
			};
			name = Release;
		};
/* End XCBuildConfiguration section */

/* Begin XCConfigurationList section */
		9C3ABF40245B012000168CDD /* Build configuration list for PBXProject "TromboneRoutines" */ = {
			isa = XCConfigurationList;
			buildConfigurations = (
				9C3ABF6D245B012600168CDD /* Debug */,
				9C3ABF6E245B012600168CDD /* Release */,
			);
			defaultConfigurationIsVisible = 0;
			defaultConfigurationName = Release;
		};
		9C3ABF6F245B012600168CDD /* Build configuration list for PBXNativeTarget "TromboneRoutines" */ = {
			isa = XCConfigurationList;
			buildConfigurations = (
				9C3ABF70245B012600168CDD /* Debug */,
				9C3ABF71245B012600168CDD /* Release */,
			);
			defaultConfigurationIsVisible = 0;
			defaultConfigurationName = Release;
		};
		9C3ABF72245B012600168CDD /* Build configuration list for PBXNativeTarget "TromboneRoutinesTests" */ = {
			isa = XCConfigurationList;
			buildConfigurations = (
				9C3ABF73245B012600168CDD /* Debug */,
				9C3ABF74245B012600168CDD /* Release */,
			);
			defaultConfigurationIsVisible = 0;
			defaultConfigurationName = Release;
		};
		9C3ABF75245B012600168CDD /* Build configuration list for PBXNativeTarget "TromboneRoutinesUITests" */ = {
			isa = XCConfigurationList;
			buildConfigurations = (
				9C3ABF76245B012600168CDD /* Debug */,
				9C3ABF77245B012600168CDD /* Release */,
			);
			defaultConfigurationIsVisible = 0;
			defaultConfigurationName = Release;
		};
/* End XCConfigurationList section */
	};
	rootObject = 9C3ABF3D245B012000168CDD /* Project object */;
}
